
Microsoft Visual Studio Solution File, Format Version 12.00
# Visual Studio Version 16
VisualStudioVersion = 16.0.29519.87
MinimumVisualStudioVersion = 10.0.40219.1
Project("{9A19103F-16F7-4668-BE54-9A1E7A4F7556}") = "Accretion.Intervals", "Accretion.Intervals\Accretion.Intervals.csproj", "{14C4C374-60E0-4DD8-A28A-88B744A1AF39}"
EndProject
Project("{9A19103F-16F7-4668-BE54-9A1E7A4F7556}") = "Accretion.Profiling", "Accretion.Profiling\Accretion.Profiling.csproj", "{2BF29648-497F-434A-824E-70376EB8572E}"
EndProject
Project("{9A19103F-16F7-4668-BE54-9A1E7A4F7556}") = "Accretion.Intervals.Experimental", "Accretion.Intervals.Experimental\Accretion.Intervals.Experimental.csproj", "{3ED05DA5-1B29-4603-A7A9-8B62828EECC0}"
EndProject
Project("{9A19103F-16F7-4668-BE54-9A1E7A4F7556}") = "Accretion.Intervals.Tests", "Accretion.Intervals.Tests\Accretion.Intervals.Tests.csproj", "{94A80E82-3B86-4BF2-8A28-976A1B74FA15}"
EndProject
Project("{2150E333-8FDC-42A3-9474-1A3956D46DE8}") = "Solution Items", "Solution Items", "{CEEF92EE-E35C-48EB-9ACD-F9CBC3FB6554}"
	ProjectSection(SolutionItems) = preProject
		.editorconfig = .editorconfig
	EndProjectSection
EndProject
Global
	GlobalSection(SolutionConfigurationPlatforms) = preSolution
		Debug|Any CPU = Debug|Any CPU
		Release|Any CPU = Release|Any CPU
	EndGlobalSection
	GlobalSection(ProjectConfigurationPlatforms) = postSolution
		{14C4C374-60E0-4DD8-A28A-88B744A1AF39}.Debug|Any CPU.ActiveCfg = Debug|Any CPU
		{14C4C374-60E0-4DD8-A28A-88B744A1AF39}.Debug|Any CPU.Build.0 = Debug|Any CPU
		{14C4C374-60E0-4DD8-A28A-88B744A1AF39}.Release|Any CPU.ActiveCfg = Release|Any CPU
		{14C4C374-60E0-4DD8-A28A-88B744A1AF39}.Release|Any CPU.Build.0 = Release|Any CPU
		{2BF29648-497F-434A-824E-70376EB8572E}.Debug|Any CPU.ActiveCfg = Debug|Any CPU
		{2BF29648-497F-434A-824E-70376EB8572E}.Debug|Any CPU.Build.0 = Debug|Any CPU
		{2BF29648-497F-434A-824E-70376EB8572E}.Release|Any CPU.ActiveCfg = Release|Any CPU
		{2BF29648-497F-434A-824E-70376EB8572E}.Release|Any CPU.Build.0 = Release|Any CPU
		{3ED05DA5-1B29-4603-A7A9-8B62828EECC0}.Debug|Any CPU.ActiveCfg = Debug|Any CPU
		{3ED05DA5-1B29-4603-A7A9-8B62828EECC0}.Debug|Any CPU.Build.0 = Debug|Any CPU
		{3ED05DA5-1B29-4603-A7A9-8B62828EECC0}.Release|Any CPU.ActiveCfg = Release|Any CPU
		{3ED05DA5-1B29-4603-A7A9-8B62828EECC0}.Release|Any CPU.Build.0 = Release|Any CPU
		{94A80E82-3B86-4BF2-8A28-976A1B74FA15}.Debug|Any CPU.ActiveCfg = Debug|Any CPU
		{94A80E82-3B86-4BF2-8A28-976A1B74FA15}.Debug|Any CPU.Build.0 = Debug|Any CPU
		{94A80E82-3B86-4BF2-8A28-976A1B74FA15}.Release|Any CPU.ActiveCfg = Release|Any CPU
		{94A80E82-3B86-4BF2-8A28-976A1B74FA15}.Release|Any CPU.Build.0 = Release|Any CPU
	EndGlobalSection
	GlobalSection(SolutionProperties) = preSolution
		HideSolutionNode = FALSE
	EndGlobalSection
	GlobalSection(ExtensibilityGlobals) = postSolution
		SolutionGuid = {0ABE0A1D-CBBD-4D92-AFF0-6B53561E6F09}
	EndGlobalSection
EndGlobal
